
Microsoft Visual Studio Solution File, Format Version 12.00
Project("{FAE04EC0-301F-11D3-BF4B-00C04F79EFBC}") = "BlogOdevApp", "BlogOdevApp.csproj", "{AFA1FE0F-C674-481C-A68B-A82251CD155A}"
EndProject
Global
	GlobalSection(SolutionConfigurationPlatforms) = preSolution
		Debug|Any CPU = Debug|Any CPU
		Release|Any CPU = Release|Any CPU
	EndGlobalSection
	GlobalSection(ProjectConfigurationPlatforms) = postSolution
		{AFA1FE0F-C674-481C-A68B-A82251CD155A}.Debug|Any CPU.ActiveCfg = Debug|Any CPU
		{AFA1FE0F-C674-481C-A68B-A82251CD155A}.Debug|Any CPU.Build.0 = Debug|Any CPU
		{AFA1FE0F-C674-481C-A68B-A82251CD155A}.Release|Any CPU.ActiveCfg = Release|Any CPU
		{AFA1FE0F-C674-481C-A68B-A82251CD155A}.Release|Any CPU.Build.0 = Release|Any CPU
	EndGlobalSection
EndGlobal
